
Microsoft Visual Studio Solution File, Format Version 12.00
Project("{FAE04EC0-301F-11D3-BF4B-00C04F79EFBC}") = "Shop", "Shop\Shop.csproj", "{3E52CC8C-2B3B-4AA2-B1EB-FE7268BBA796}"
EndProject
Global
	GlobalSection(SolutionConfigurationPlatforms) = preSolution
		Debug|Any CPU = Debug|Any CPU
		Release|Any CPU = Release|Any CPU
	EndGlobalSection
	GlobalSection(ProjectConfigurationPlatforms) = postSolution
		{3E52CC8C-2B3B-4AA2-B1EB-FE7268BBA796}.Debug|Any CPU.ActiveCfg = Debug|Any CPU
		{3E52CC8C-2B3B-4AA2-B1EB-FE7268BBA796}.Debug|Any CPU.Build.0 = Debug|Any CPU
		{3E52CC8C-2B3B-4AA2-B1EB-FE7268BBA796}.Release|Any CPU.ActiveCfg = Release|Any CPU
		{3E52CC8C-2B3B-4AA2-B1EB-FE7268BBA796}.Release|Any CPU.Build.0 = Release|Any CPU
	EndGlobalSection
	GlobalSection(NestedProjects) = preSolution
	EndGlobalSection
EndGlobal
